// !$*UTF8*$!
{
	archiveVersion = 1;
	classes = {
	};
	objectVersion = 46;
	objects = {

/* Begin PBXBuildFile section */
		3C24DB9431B2FB005FCC759A /* libPods.a in Frameworks */ = {isa = PBXBuildFile; fileRef = 93C4312CB0B90BD662BBC17B /* libPods.a */; };
		4A78E6A51A51527E006FF062 /* first_normal.png in Resources */ = {isa = PBXBuildFile; fileRef = 4A78E6911A51527E006FF062 /* first_normal.png */; };
		4A78E6A61A51527E006FF062 /* first_normal@2x.png in Resources */ = {isa = PBXBuildFile; fileRef = 4A78E6921A51527E006FF062 /* first_normal@2x.png */; };
		4A78E6A71A51527E006FF062 /* first_selected.png in Resources */ = {isa = PBXBuildFile; fileRef = 4A78E6931A51527E006FF062 /* first_selected.png */; };
		4A78E6A81A51527E006FF062 /* first_selected@2x.png in Resources */ = {isa = PBXBuildFile; fileRef = 4A78E6941A51527E006FF062 /* first_selected@2x.png */; };
		4A78E6A91A51527E006FF062 /* navigationbar_background.png in Resources */ = {isa = PBXBuildFile; fileRef = 4A78E6951A51527E006FF062 /* navigationbar_background.png */; };
		4A78E6AA1A51527E006FF062 /* navigationbar_background@2x.png in Resources */ = {isa = PBXBuildFile; fileRef = 4A78E6961A51527E006FF062 /* navigationbar_background@2x.png */; };
		4A78E6AB1A51527E006FF062 /* navigationbar_background_tall.png in Resources */ = {isa = PBXBuildFile; fileRef = 4A78E6971A51527E006FF062 /* navigationbar_background_tall.png */; };
		4A78E6AC1A51527E006FF062 /* navigationbar_background_tall@2x.png in Resources */ = {isa = PBXBuildFile; fileRef = 4A78E6981A51527E006FF062 /* navigationbar_background_tall@2x.png */; };
		4A78E6AD1A51527E006FF062 /* second_normal.png in Resources */ = {isa = PBXBuildFile; fileRef = 4A78E6991A51527E006FF062 /* second_normal.png */; };
		4A78E6AE1A51527E006FF062 /* second_normal@2x.png in Resources */ = {isa = PBXBuildFile; fileRef = 4A78E69A1A51527E006FF062 /* second_normal@2x.png */; };
		4A78E6AF1A51527E006FF062 /* second_selected.png in Resources */ = {isa = PBXBuildFile; fileRef = 4A78E69B1A51527E006FF062 /* second_selected.png */; };
		4A78E6B01A51527E006FF062 /* second_selected@2x.png in Resources */ = {isa = PBXBuildFile; fileRef = 4A78E69C1A51527E006FF062 /* second_selected@2x.png */; };
		4A78E6B11A51527E006FF062 /* tabbar_normal_background.png in Resources */ = {isa = PBXBuildFile; fileRef = 4A78E69D1A51527E006FF062 /* tabbar_normal_background.png */; };
		4A78E6B21A51527E006FF062 /* tabbar_normal_background@2x.png in Resources */ = {isa = PBXBuildFile; fileRef = 4A78E69E1A51527E006FF062 /* tabbar_normal_background@2x.png */; };
		4A78E6B31A51527E006FF062 /* tabbar_selected_background.png in Resources */ = {isa = PBXBuildFile; fileRef = 4A78E69F1A51527E006FF062 /* tabbar_selected_background.png */; };
		4A78E6B41A51527E006FF062 /* tabbar_selected_background@2x.png in Resources */ = {isa = PBXBuildFile; fileRef = 4A78E6A01A51527E006FF062 /* tabbar_selected_background@2x.png */; };
		4A78E6B51A51527E006FF062 /* third_normal.png in Resources */ = {isa = PBXBuildFile; fileRef = 4A78E6A11A51527E006FF062 /* third_normal.png */; };
		4A78E6B61A51527E006FF062 /* third_normal@2x.png in Resources */ = {isa = PBXBuildFile; fileRef = 4A78E6A21A51527E006FF062 /* third_normal@2x.png */; };
		4A78E6B71A51527E006FF062 /* third_selected.png in Resources */ = {isa = PBXBuildFile; fileRef = 4A78E6A31A51527E006FF062 /* third_selected.png */; };
		4A78E6B81A51527E006FF062 /* third_selected@2x.png in Resources */ = {isa = PBXBuildFile; fileRef = 4A78E6A41A51527E006FF062 /* third_selected@2x.png */; };
		C417E5F41A5BC5720085CBBF /* ViewCommonUtils.m in Sources */ = {isa = PBXBuildFile; fileRef = C417E5F31A5BC5720085CBBF /* ViewCommonUtils.m */; };
		C4363D081A68B1990016A414 /* LaunchScreen.xib in Resources */ = {isa = PBXBuildFile; fileRef = C4363D071A68B1990016A414 /* LaunchScreen.xib */; };
		C44983DA1BB2539200BEA3F8 /* ViewControllerContainer.m in Sources */ = {isa = PBXBuildFile; fileRef = C44983CC1BB2539200BEA3F8 /* ViewControllerContainer.m */; };
		C44983DB1BB2539200BEA3F8 /* ViewControllerContainer.xib in Resources */ = {isa = PBXBuildFile; fileRef = C44983CD1BB2539200BEA3F8 /* ViewControllerContainer.xib */; };
		C44983DC1BB2539200BEA3F8 /* ViewControllerFirst.m in Sources */ = {isa = PBXBuildFile; fileRef = C44983D01BB2539200BEA3F8 /* ViewControllerFirst.m */; };
		C44983DD1BB2539200BEA3F8 /* ViewControllerFirst.xib in Resources */ = {isa = PBXBuildFile; fileRef = C44983D11BB2539200BEA3F8 /* ViewControllerFirst.xib */; };
		C44983DE1BB2539200BEA3F8 /* ViewControllerSecond.m in Sources */ = {isa = PBXBuildFile; fileRef = C44983D41BB2539200BEA3F8 /* ViewControllerSecond.m */; };
		C44983E01BB2539200BEA3F8 /* ViewControllerThird.m in Sources */ = {isa = PBXBuildFile; fileRef = C44983D81BB2539200BEA3F8 /* ViewControllerThird.m */; };
		C44983E11BB2539200BEA3F8 /* ViewControllerThird.xib in Resources */ = {isa = PBXBuildFile; fileRef = C44983D91BB2539200BEA3F8 /* ViewControllerThird.xib */; };
		C44983F71BB2EAA800BEA3F8 /* HttpUtils.m in Sources */ = {isa = PBXBuildFile; fileRef = C44983E41BB2EAA800BEA3F8 /* HttpUtils.m */; };
		C44983FA1BB2EAA800BEA3F8 /* FileUtils.m in Sources */ = {isa = PBXBuildFile; fileRef = C44983EB1BB2EAA800BEA3F8 /* FileUtils.m */; };
		C44983FD1BB2EAA800BEA3F8 /* DateUtils.m in Sources */ = {isa = PBXBuildFile; fileRef = C44983F31BB2EAA800BEA3F8 /* DateUtils.m */; };
		C44983FE1BB2EAA800BEA3F8 /* ViewUtils.m in Sources */ = {isa = PBXBuildFile; fileRef = C44983F61BB2EAA800BEA3F8 /* ViewUtils.m */; };
		C44984011BB2EB6600BEA3F8 /* ExtendNSLogFunctionality.m in Sources */ = {isa = PBXBuildFile; fileRef = C44984001BB2EB6600BEA3F8 /* ExtendNSLogFunctionality.m */; };
		C449841D1BB2EBD100BEA3F8 /* BaseModel.m in Sources */ = {isa = PBXBuildFile; fileRef = C44984081BB2EBD100BEA3F8 /* BaseModel.m */; };
		C449841E1BB2EBD100BEA3F8 /* HttpResponse.m in Sources */ = {isa = PBXBuildFile; fileRef = C449840B1BB2EBD100BEA3F8 /* HttpResponse.m */; };
		C449842A1BB2ED3A00BEA3F8 /* ISRDataHelper.m in Sources */ = {isa = PBXBuildFile; fileRef = C44984291BB2ED3A00BEA3F8 /* ISRDataHelper.m */; };
		C44C1EA11A32FA7500BDE49B /* main.m in Sources */ = {isa = PBXBuildFile; fileRef = C44C1EA01A32FA7500BDE49B /* main.m */; };
		C44C1EA41A32FA7500BDE49B /* AppDelegate.m in Sources */ = {isa = PBXBuildFile; fileRef = C44C1EA31A32FA7500BDE49B /* AppDelegate.m */; };
		C44C1EAC1A32FA7500BDE49B /* Images.xcassets in Resources */ = {isa = PBXBuildFile; fileRef = C44C1EAB1A32FA7500BDE49B /* Images.xcassets */; };
		C44C1EBB1A32FA7500BDE49B /* AudioNoteTests.m in Sources */ = {isa = PBXBuildFile; fileRef = C44C1EBA1A32FA7500BDE49B /* AudioNoteTests.m */; };
		C44C1EC51A32FAA000BDE49B /* AdSupport.framework in Frameworks */ = {isa = PBXBuildFile; fileRef = C44C1EC41A32FAA000BDE49B /* AdSupport.framework */; };
		C44C1EC71A32FAA800BDE49B /* AVFoundation.framework in Frameworks */ = {isa = PBXBuildFile; fileRef = C44C1EC61A32FAA800BDE49B /* AVFoundation.framework */; };
		C44C1EC91A32FAB200BDE49B /* AddressBook.framework in Frameworks */ = {isa = PBXBuildFile; fileRef = C44C1EC81A32FAB200BDE49B /* AddressBook.framework */; };
		C44C1ECB1A32FABC00BDE49B /* SystemConfiguration.framework in Frameworks */ = {isa = PBXBuildFile; fileRef = C44C1ECA1A32FABC00BDE49B /* SystemConfiguration.framework */; };
		C44C1ECD1A32FACB00BDE49B /* libz.dylib in Frameworks */ = {isa = PBXBuildFile; fileRef = C44C1ECC1A32FACB00BDE49B /* libz.dylib */; };
		C44C1ECF1A32FB3400BDE49B /* iflyMSC.framework in Frameworks */ = {isa = PBXBuildFile; fileRef = C44C1ECE1A32FB3400BDE49B /* iflyMSC.framework */; };
		C451AC5A1A5CE115001FFF41 /* MyTableViewCell.xib in Resources */ = {isa = PBXBuildFile; fileRef = C451AC591A5CE115001FFF41 /* MyTableViewCell.xib */; };
		C451AC5D1A5CF0EA001FFF41 /* MyTableViewCell.m in Sources */ = {isa = PBXBuildFile; fileRef = C451AC5C1A5CF0EA001FFF41 /* MyTableViewCell.m */; };
		C45258061A77ED7A00102BBE /* first_normal.png in Resources */ = {isa = PBXBuildFile; fileRef = C45257D41A77ED7A00102BBE /* first_normal.png */; };
		C45258071A77ED7A00102BBE /* first_normal@2x.png in Resources */ = {isa = PBXBuildFile; fileRef = C45257D51A77ED7A00102BBE /* first_normal@2x.png */; };
		C45258081A77ED7A00102BBE /* first_selected.png in Resources */ = {isa = PBXBuildFile; fileRef = C45257D61A77ED7A00102BBE /* first_selected.png */; };
		C45258091A77ED7A00102BBE /* first_selected@2x.png in Resources */ = {isa = PBXBuildFile; fileRef = C45257D71A77ED7A00102BBE /* first_selected@2x.png */; };
		C452580A1A77ED7A00102BBE /* icon-29.png in Resources */ = {isa = PBXBuildFile; fileRef = C45257D81A77ED7A00102BBE /* icon-29.png */; };
		C452580B1A77ED7A00102BBE /* icon-29@2x.png in Resources */ = {isa = PBXBuildFile; fileRef = C45257D91A77ED7A00102BBE /* icon-29@2x.png */; };
		C452580C1A77ED7A00102BBE /* icon-40.png in Resources */ = {isa = PBXBuildFile; fileRef = C45257DA1A77ED7A00102BBE /* icon-40.png */; };
		C452580D1A77ED7A00102BBE /* icon-40@2x.png in Resources */ = {isa = PBXBuildFile; fileRef = C45257DB1A77ED7A00102BBE /* icon-40@2x.png */; };
		C452580E1A77ED7A00102BBE /* icon-40@3x.png in Resources */ = {isa = PBXBuildFile; fileRef = C45257DC1A77ED7A00102BBE /* icon-40@3x.png */; };
		C452580F1A77ED7A00102BBE /* icon-60@2x.png in Resources */ = {isa = PBXBuildFile; fileRef = C45257DD1A77ED7A00102BBE /* icon-60@2x.png */; };
		C45258101A77ED7A00102BBE /* icon-60@3x.png in Resources */ = {isa = PBXBuildFile; fileRef = C45257DE1A77ED7A00102BBE /* icon-60@3x.png */; };
		C45258111A77ED7A00102BBE /* icon-72.png in Resources */ = {isa = PBXBuildFile; fileRef = C45257DF1A77ED7A00102BBE /* icon-72.png */; };
		C45258121A77ED7A00102BBE /* icon-72@2x.png in Resources */ = {isa = PBXBuildFile; fileRef = C45257E01A77ED7A00102BBE /* icon-72@2x.png */; };
		C45258131A77ED7A00102BBE /* icon-72@3x.png in Resources */ = {isa = PBXBuildFile; fileRef = C45257E11A77ED7A00102BBE /* icon-72@3x.png */; };
		C45258141A77ED7A00102BBE /* icon-76.png in Resources */ = {isa = PBXBuildFile; fileRef = C45257E21A77ED7A00102BBE /* icon-76.png */; };
		C45258151A77ED7A00102BBE /* icon-76@2x.png in Resources */ = {isa = PBXBuildFile; fileRef = C45257E31A77ED7A00102BBE /* icon-76@2x.png */; };
		C45258191A77ED7A00102BBE /* icon.png in Resources */ = {isa = PBXBuildFile; fileRef = C45257E71A77ED7A00102BBE /* icon.png */; };
		C452581A1A77ED7A00102BBE /* icon@2x.png in Resources */ = {isa = PBXBuildFile; fileRef = C45257E81A77ED7A00102BBE /* icon@2x.png */; };
		C452581D1A77ED7A00102BBE /* timeline.png in Resources */ = {isa = PBXBuildFile; fileRef = C45257EB1A77ED7A00102BBE /* timeline.png */; };
		C452581E1A77ED7A00102BBE /* macphone-1.png in Resources */ = {isa = PBXBuildFile; fileRef = C45257EC1A77ED7A00102BBE /* macphone-1.png */; };
		C452581F1A77ED7A00102BBE /* navigationbar_background_tall.png in Resources */ = {isa = PBXBuildFile; fileRef = C45257ED1A77ED7A00102BBE /* navigationbar_background_tall.png */; };
		C45258201A77ED7A00102BBE /* navigationbar_background_tall@2x.png in Resources */ = {isa = PBXBuildFile; fileRef = C45257EE1A77ED7A00102BBE /* navigationbar_background_tall@2x.png */; };
		C45258211A77ED7A00102BBE /* navigationbar_background.png in Resources */ = {isa = PBXBuildFile; fileRef = C45257EF1A77ED7A00102BBE /* navigationbar_background.png */; };
		C45258221A77ED7A00102BBE /* navigationbar_background@2x.png in Resources */ = {isa = PBXBuildFile; fileRef = C45257F01A77ED7A00102BBE /* navigationbar_background@2x.png */; };
		C452583A1A77EF0F00102BBE /* icon-50@2x.png in Resources */ = {isa = PBXBuildFile; fileRef = C45258381A77EF0F00102BBE /* icon-50@2x.png */; };
		C452583B1A77EF0F00102BBE /* icon-50.png in Resources */ = {isa = PBXBuildFile; fileRef = C45258391A77EF0F00102BBE /* icon-50.png */; };
		C452583D1A77F15100102BBE /* icon-29@3x.png in Resources */ = {isa = PBXBuildFile; fileRef = C452583C1A77F15100102BBE /* icon-29@3x.png */; };
		C4B282761A6173EB00441AFB /* ContainerTopBar.m in Sources */ = {isa = PBXBuildFile; fileRef = C4B282751A6173EB00441AFB /* ContainerTopBar.m */; };
		C4B282791A61741400441AFB /* NSMutableArray+Util.m in Sources */ = {isa = PBXBuildFile; fileRef = C4B282781A61741400441AFB /* NSMutableArray+Util.m */; };
		C4B813681A482F80001218E1 /* libsqlite3.dylib in Frameworks */ = {isa = PBXBuildFile; fileRef = C4B813671A482F80001218E1 /* libsqlite3.dylib */; };
		C4C9956A1A64BA38001B085A /* ios_icon-200-200.png in Resources */ = {isa = PBXBuildFile; fileRef = C4C995681A64BA38001B085A /* ios_icon-200-200.png */; };
		C4C9956B1A64BA38001B085A /* icon@2x.png in Resources */ = {isa = PBXBuildFile; fileRef = C4C995691A64BA38001B085A /* icon@2x.png */; };
		C4E14A241A9B506900A97313 /* PullRefreshTableViewController.m in Sources */ = {isa = PBXBuildFile; fileRef = C4E14A231A9B506900A97313 /* PullRefreshTableViewController.m */; };
		C4E14A281A9B6AE300A97313 /* arrow.png in Resources */ = {isa = PBXBuildFile; fileRef = C4E14A271A9B6AE300A97313 /* arrow.png */; };
		C4EE682E1A691EA100EEB947 /* DatabaseUtils.m in Sources */ = {isa = PBXBuildFile; fileRef = C4EE682D1A691EA100EEB947 /* DatabaseUtils.m */; };
		C4EE68311A691F0C00EEB947 /* ViewControllerChart.m in Sources */ = {isa = PBXBuildFile; fileRef = C4EE68301A691F0C00EEB947 /* ViewControllerChart.m */; };
		C4EE68361A691F3900EEB947 /* GraphicView.m in Sources */ = {isa = PBXBuildFile; fileRef = C4EE68351A691F3900EEB947 /* GraphicView.m */; };
/* End PBXBuildFile section */

/* Begin PBXContainerItemProxy section */
		C44C1EB51A32FA7500BDE49B /* PBXContainerItemProxy */ = {
			isa = PBXContainerItemProxy;
			containerPortal = C44C1E931A32FA7500BDE49B /* Project object */;
			proxyType = 1;
			remoteGlobalIDString = C44C1E9A1A32FA7500BDE49B;
			remoteInfo = AudioNote;
		};
/* End PBXContainerItemProxy section */

/* Begin PBXFileReference section */
		2FDE80C0EE66E88997D64E38 /* Pods.debug.xcconfig */ = {isa = PBXFileReference; includeInIndex = 1; lastKnownFileType = text.xcconfig; name = Pods.debug.xcconfig; path = "Pods/Target Support Files/Pods/Pods.debug.xcconfig"; sourceTree = "<group>"; };
		4A78E6551A51424A006FF062 /* processPattern.h */ = {isa = PBXFileReference; fileEncoding = 4; lastKnownFileType = sourcecode.c.h; path = processPattern.h; sourceTree = "<group>"; };
		4A78E6911A51527E006FF062 /* first_normal.png */ = {isa = PBXFileReference; lastKnownFileType = image.png; path = first_normal.png; sourceTree = "<group>"; };
		4A78E6921A51527E006FF062 /* first_normal@2x.png */ = {isa = PBXFileReference; lastKnownFileType = image.png; path = "first_normal@2x.png"; sourceTree = "<group>"; };
		4A78E6931A51527E006FF062 /* first_selected.png */ = {isa = PBXFileReference; lastKnownFileType = image.png; path = first_selected.png; sourceTree = "<group>"; };
		4A78E6941A51527E006FF062 /* first_selected@2x.png */ = {isa = PBXFileReference; lastKnownFileType = image.png; path = "first_selected@2x.png"; sourceTree = "<group>"; };
		4A78E6951A51527E006FF062 /* navigationbar_background.png */ = {isa = PBXFileReference; lastKnownFileType = image.png; path = navigationbar_background.png; sourceTree = "<group>"; };
		4A78E6961A51527E006FF062 /* navigationbar_background@2x.png */ = {isa = PBXFileReference; lastKnownFileType = image.png; path = "navigationbar_background@2x.png"; sourceTree = "<group>"; };
		4A78E6971A51527E006FF062 /* navigationbar_background_tall.png */ = {isa = PBXFileReference; lastKnownFileType = image.png; path = navigationbar_background_tall.png; sourceTree = "<group>"; };
		4A78E6981A51527E006FF062 /* navigationbar_background_tall@2x.png */ = {isa = PBXFileReference; lastKnownFileType = image.png; path = "navigationbar_background_tall@2x.png"; sourceTree = "<group>"; };
		4A78E6991A51527E006FF062 /* second_normal.png */ = {isa = PBXFileReference; lastKnownFileType = image.png; path = second_normal.png; sourceTree = "<group>"; };
		4A78E69A1A51527E006FF062 /* second_normal@2x.png */ = {isa = PBXFileReference; lastKnownFileType = image.png; path = "second_normal@2x.png"; sourceTree = "<group>"; };
		4A78E69B1A51527E006FF062 /* second_selected.png */ = {isa = PBXFileReference; lastKnownFileType = image.png; path = second_selected.png; sourceTree = "<group>"; };
		4A78E69C1A51527E006FF062 /* second_selected@2x.png */ = {isa = PBXFileReference; lastKnownFileType = image.png; path = "second_selected@2x.png"; sourceTree = "<group>"; };
		4A78E69D1A51527E006FF062 /* tabbar_normal_background.png */ = {isa = PBXFileReference; lastKnownFileType = image.png; path = tabbar_normal_background.png; sourceTree = "<group>"; };
		4A78E69E1A51527E006FF062 /* tabbar_normal_background@2x.png */ = {isa = PBXFileReference; lastKnownFileType = image.png; path = "tabbar_normal_background@2x.png"; sourceTree = "<group>"; };
		4A78E69F1A51527E006FF062 /* tabbar_selected_background.png */ = {isa = PBXFileReference; lastKnownFileType = image.png; path = tabbar_selected_background.png; sourceTree = "<group>"; };
		4A78E6A01A51527E006FF062 /* tabbar_selected_background@2x.png */ = {isa = PBXFileReference; lastKnownFileType = image.png; path = "tabbar_selected_background@2x.png"; sourceTree = "<group>"; };
		4A78E6A11A51527E006FF062 /* third_normal.png */ = {isa = PBXFileReference; lastKnownFileType = image.png; path = third_normal.png; sourceTree = "<group>"; };
		4A78E6A21A51527E006FF062 /* third_normal@2x.png */ = {isa = PBXFileReference; lastKnownFileType = image.png; path = "third_normal@2x.png"; sourceTree = "<group>"; };
		4A78E6A31A51527E006FF062 /* third_selected.png */ = {isa = PBXFileReference; lastKnownFileType = image.png; path = third_selected.png; sourceTree = "<group>"; };
		4A78E6A41A51527E006FF062 /* third_selected@2x.png */ = {isa = PBXFileReference; lastKnownFileType = image.png; path = "third_selected@2x.png"; sourceTree = "<group>"; };
		79D2674ED101D8F5CB740C2B /* Pods.release.xcconfig */ = {isa = PBXFileReference; includeInIndex = 1; lastKnownFileType = text.xcconfig; name = Pods.release.xcconfig; path = "Pods/Target Support Files/Pods/Pods.release.xcconfig"; sourceTree = "<group>"; };
		93C4312CB0B90BD662BBC17B /* libPods.a */ = {isa = PBXFileReference; explicitFileType = archive.ar; includeInIndex = 0; path = libPods.a; sourceTree = BUILT_PRODUCTS_DIR; };
		C417E5F21A5BC1C90085CBBF /* ViewCommonUtils.h */ = {isa = PBXFileReference; lastKnownFileType = sourcecode.c.h; path = ViewCommonUtils.h; sourceTree = "<group>"; };
		C417E5F31A5BC5720085CBBF /* ViewCommonUtils.m */ = {isa = PBXFileReference; fileEncoding = 4; lastKnownFileType = sourcecode.c.objc; path = ViewCommonUtils.m; sourceTree = "<group>"; };
		C42837431A664A0200EC1CAB /* 社交030.png */ = {isa = PBXFileReference; lastKnownFileType = image.png; name = "社交030.png"; path = "../../../../../Downloads/归档/icon_wite/社交030.png"; sourceTree = "<group>"; };
		C42837441A664A0200EC1CAB /* 生活001.png */ = {isa = PBXFileReference; lastKnownFileType = image.png; name = "生活001.png"; path = "../../../../../Downloads/归档/icon_wite/生活001.png"; sourceTree = "<group>"; };
		C42837451A664A0200EC1CAB /* 时间004.png */ = {isa = PBXFileReference; lastKnownFileType = image.png; name = "时间004.png"; path = "../../../../../Downloads/归档/icon_wite/时间004.png"; sourceTree = "<group>"; };
		C42837461A664A0200EC1CAB /* 信息023.png */ = {isa = PBXFileReference; lastKnownFileType = image.png; name = "信息023.png"; path = "../../../../../Downloads/归档/icon_wite/信息023.png"; sourceTree = "<group>"; };
		C42837471A664A0200EC1CAB /* 学习018.png */ = {isa = PBXFileReference; lastKnownFileType = image.png; name = "学习018.png"; path = "../../../../../Downloads/归档/icon_wite/学习018.png"; sourceTree = "<group>"; };
		C42837481A664A0200EC1CAB /* 饮食016.png */ = {isa = PBXFileReference; lastKnownFileType = image.png; name = "饮食016.png"; path = "../../../../../Downloads/归档/icon_wite/饮食016.png"; sourceTree = "<group>"; };
		C42837491A664A0200EC1CAB /* 娱乐001.png */ = {isa = PBXFileReference; lastKnownFileType = image.png; name = "娱乐001.png"; path = "../../../../../Downloads/归档/icon_wite/娱乐001.png"; sourceTree = "<group>"; };
		C428374A1A664A0200EC1CAB /* 运动025.png */ = {isa = PBXFileReference; lastKnownFileType = image.png; name = "运动025.png"; path = "../../../../../Downloads/归档/icon_wite/运动025.png"; sourceTree = "<group>"; };
		C42837531A66599E00EC1CAB /* line.png */ = {isa = PBXFileReference; lastKnownFileType = image.png; name = line.png; path = ../../../../../Downloads/line.png; sourceTree = "<group>"; };
		C4363D071A68B1990016A414 /* LaunchScreen.xib */ = {isa = PBXFileReference; fileEncoding = 4; lastKnownFileType = file.xib; name = LaunchScreen.xib; path = Base.lproj/LaunchScreen.xib; sourceTree = "<group>"; };
		C44983CB1BB2539200BEA3F8 /* ViewControllerContainer.h */ = {isa = PBXFileReference; fileEncoding = 4; lastKnownFileType = sourcecode.c.h; path = ViewControllerContainer.h; sourceTree = "<group>"; };
		C44983CC1BB2539200BEA3F8 /* ViewControllerContainer.m */ = {isa = PBXFileReference; fileEncoding = 4; lastKnownFileType = sourcecode.c.objc; path = ViewControllerContainer.m; sourceTree = "<group>"; };
		C44983CD1BB2539200BEA3F8 /* ViewControllerContainer.xib */ = {isa = PBXFileReference; fileEncoding = 4; lastKnownFileType = file.xib; path = ViewControllerContainer.xib; sourceTree = "<group>"; };
		C44983CF1BB2539200BEA3F8 /* ViewControllerFirst.h */ = {isa = PBXFileReference; fileEncoding = 4; lastKnownFileType = sourcecode.c.h; path = ViewControllerFirst.h; sourceTree = "<group>"; };
		C44983D01BB2539200BEA3F8 /* ViewControllerFirst.m */ = {isa = PBXFileReference; fileEncoding = 4; lastKnownFileType = sourcecode.c.objc; path = ViewControllerFirst.m; sourceTree = "<group>"; };
		C44983D11BB2539200BEA3F8 /* ViewControllerFirst.xib */ = {isa = PBXFileReference; fileEncoding = 4; lastKnownFileType = file.xib; path = ViewControllerFirst.xib; sourceTree = "<group>"; };
		C44983D31BB2539200BEA3F8 /* ViewControllerSecond.h */ = {isa = PBXFileReference; fileEncoding = 4; lastKnownFileType = sourcecode.c.h; path = ViewControllerSecond.h; sourceTree = "<group>"; };
		C44983D41BB2539200BEA3F8 /* ViewControllerSecond.m */ = {isa = PBXFileReference; fileEncoding = 4; lastKnownFileType = sourcecode.c.objc; path = ViewControllerSecond.m; sourceTree = "<group>"; };
		C44983D71BB2539200BEA3F8 /* ViewControllerThird.h */ = {isa = PBXFileReference; fileEncoding = 4; lastKnownFileType = sourcecode.c.h; path = ViewControllerThird.h; sourceTree = "<group>"; };
		C44983D81BB2539200BEA3F8 /* ViewControllerThird.m */ = {isa = PBXFileReference; fileEncoding = 4; lastKnownFileType = sourcecode.c.objc; path = ViewControllerThird.m; sourceTree = "<group>"; };
		C44983D91BB2539200BEA3F8 /* ViewControllerThird.xib */ = {isa = PBXFileReference; fileEncoding = 4; lastKnownFileType = file.xib; path = ViewControllerThird.xib; sourceTree = "<group>"; };
		C44983E31BB2EAA800BEA3F8 /* HttpUtils.h */ = {isa = PBXFileReference; fileEncoding = 4; lastKnownFileType = sourcecode.c.h; path = HttpUtils.h; sourceTree = "<group>"; };
		C44983E41BB2EAA800BEA3F8 /* HttpUtils.m */ = {isa = PBXFileReference; fileEncoding = 4; lastKnownFileType = sourcecode.c.objc; path = HttpUtils.m; sourceTree = "<group>"; };
		C44983EA1BB2EAA800BEA3F8 /* FileUtils.h */ = {isa = PBXFileReference; fileEncoding = 4; lastKnownFileType = sourcecode.c.h; path = FileUtils.h; sourceTree = "<group>"; };
		C44983EB1BB2EAA800BEA3F8 /* FileUtils.m */ = {isa = PBXFileReference; fileEncoding = 4; lastKnownFileType = sourcecode.c.objc; path = FileUtils.m; sourceTree = "<group>"; };
		C44983F21BB2EAA800BEA3F8 /* DateUtils.h */ = {isa = PBXFileReference; fileEncoding = 4; lastKnownFileType = sourcecode.c.h; path = DateUtils.h; sourceTree = "<group>"; };
		C44983F31BB2EAA800BEA3F8 /* DateUtils.m */ = {isa = PBXFileReference; fileEncoding = 4; lastKnownFileType = sourcecode.c.objc; path = DateUtils.m; sourceTree = "<group>"; };
		C44983F51BB2EAA800BEA3F8 /* ViewUtils.h */ = {isa = PBXFileReference; fileEncoding = 4; lastKnownFileType = sourcecode.c.h; path = ViewUtils.h; sourceTree = "<group>"; };
		C44983F61BB2EAA800BEA3F8 /* ViewUtils.m */ = {isa = PBXFileReference; fileEncoding = 4; lastKnownFileType = sourcecode.c.objc; path = ViewUtils.m; sourceTree = "<group>"; };
		C44983FF1BB2EB6600BEA3F8 /* ExtendNSLogFunctionality.h */ = {isa = PBXFileReference; fileEncoding = 4; lastKnownFileType = sourcecode.c.h; name = ExtendNSLogFunctionality.h; path = Utils/ExtendNSLogFunctionality.h; sourceTree = "<group>"; };
		C44984001BB2EB6600BEA3F8 /* ExtendNSLogFunctionality.m */ = {isa = PBXFileReference; fileEncoding = 4; lastKnownFileType = sourcecode.c.objc; name = ExtendNSLogFunctionality.m; path = Utils/ExtendNSLogFunctionality.m; sourceTree = "<group>"; };
		C44984071BB2EBD100BEA3F8 /* BaseModel.h */ = {isa = PBXFileReference; fileEncoding = 4; lastKnownFileType = sourcecode.c.h; path = BaseModel.h; sourceTree = "<group>"; };
		C44984081BB2EBD100BEA3F8 /* BaseModel.m */ = {isa = PBXFileReference; fileEncoding = 4; lastKnownFileType = sourcecode.c.objc; path = BaseModel.m; sourceTree = "<group>"; };
		C449840A1BB2EBD100BEA3F8 /* HttpResponse.h */ = {isa = PBXFileReference; fileEncoding = 4; lastKnownFileType = sourcecode.c.h; path = HttpResponse.h; sourceTree = "<group>"; };
		C449840B1BB2EBD100BEA3F8 /* HttpResponse.m */ = {isa = PBXFileReference; fileEncoding = 4; lastKnownFileType = sourcecode.c.objc; path = HttpResponse.m; sourceTree = "<group>"; };
		C44984261BB2EC2500BEA3F8 /* const.h */ = {isa = PBXFileReference; lastKnownFileType = sourcecode.c.h; path = const.h; sourceTree = "<group>"; };
		C44984281BB2ED3A00BEA3F8 /* ISRDataHelper.h */ = {isa = PBXFileReference; fileEncoding = 4; lastKnownFileType = sourcecode.c.h; path = ISRDataHelper.h; sourceTree = "<group>"; };
		C44984291BB2ED3A00BEA3F8 /* ISRDataHelper.m */ = {isa = PBXFileReference; fileEncoding = 4; lastKnownFileType = sourcecode.c.objc; path = ISRDataHelper.m; sourceTree = "<group>"; };
		C44C1E9B1A32FA7500BDE49B /* AudioNote.app */ = {isa = PBXFileReference; explicitFileType = wrapper.application; includeInIndex = 0; path = AudioNote.app; sourceTree = BUILT_PRODUCTS_DIR; };
		C44C1E9F1A32FA7500BDE49B /* Info.plist */ = {isa = PBXFileReference; lastKnownFileType = text.plist.xml; path = Info.plist; sourceTree = "<group>"; };
		C44C1EA01A32FA7500BDE49B /* main.m */ = {isa = PBXFileReference; lastKnownFileType = sourcecode.c.objc; path = main.m; sourceTree = "<group>"; };
		C44C1EA21A32FA7500BDE49B /* AppDelegate.h */ = {isa = PBXFileReference; lastKnownFileType = sourcecode.c.h; path = AppDelegate.h; sourceTree = "<group>"; };
		C44C1EA31A32FA7500BDE49B /* AppDelegate.m */ = {isa = PBXFileReference; lastKnownFileType = sourcecode.c.objc; path = AppDelegate.m; sourceTree = "<group>"; };
		C44C1EAB1A32FA7500BDE49B /* Images.xcassets */ = {isa = PBXFileReference; lastKnownFileType = folder.assetcatalog; path = Images.xcassets; sourceTree = "<group>"; };
		C44C1EB41A32FA7500BDE49B /* AudioNoteTests.xctest */ = {isa = PBXFileReference; explicitFileType = wrapper.cfbundle; includeInIndex = 0; path = AudioNoteTests.xctest; sourceTree = BUILT_PRODUCTS_DIR; };
		C44C1EB91A32FA7500BDE49B /* Info.plist */ = {isa = PBXFileReference; lastKnownFileType = text.plist.xml; path = Info.plist; sourceTree = "<group>"; };
		C44C1EBA1A32FA7500BDE49B /* AudioNoteTests.m */ = {isa = PBXFileReference; lastKnownFileType = sourcecode.c.objc; path = AudioNoteTests.m; sourceTree = "<group>"; };
		C44C1EC41A32FAA000BDE49B /* AdSupport.framework */ = {isa = PBXFileReference; lastKnownFileType = wrapper.framework; name = AdSupport.framework; path = System/Library/Frameworks/AdSupport.framework; sourceTree = SDKROOT; };
		C44C1EC61A32FAA800BDE49B /* AVFoundation.framework */ = {isa = PBXFileReference; lastKnownFileType = wrapper.framework; name = AVFoundation.framework; path = System/Library/Frameworks/AVFoundation.framework; sourceTree = SDKROOT; };
		C44C1EC81A32FAB200BDE49B /* AddressBook.framework */ = {isa = PBXFileReference; lastKnownFileType = wrapper.framework; name = AddressBook.framework; path = System/Library/Frameworks/AddressBook.framework; sourceTree = SDKROOT; };
		C44C1ECA1A32FABC00BDE49B /* SystemConfiguration.framework */ = {isa = PBXFileReference; lastKnownFileType = wrapper.framework; name = SystemConfiguration.framework; path = System/Library/Frameworks/SystemConfiguration.framework; sourceTree = SDKROOT; };
		C44C1ECC1A32FACB00BDE49B /* libz.dylib */ = {isa = PBXFileReference; lastKnownFileType = "compiled.mach-o.dylib"; name = libz.dylib; path = usr/lib/libz.dylib; sourceTree = SDKROOT; };
		C44C1ECE1A32FB3400BDE49B /* iflyMSC.framework */ = {isa = PBXFileReference; lastKnownFileType = wrapper.framework; name = iflyMSC.framework; path = Lib/iflyMSC.framework; sourceTree = "<group>"; };
		C451AC591A5CE115001FFF41 /* MyTableViewCell.xib */ = {isa = PBXFileReference; fileEncoding = 4; lastKnownFileType = file.xib; path = MyTableViewCell.xib; sourceTree = "<group>"; };
		C451AC5B1A5CE327001FFF41 /* MyTableViewCell.h */ = {isa = PBXFileReference; lastKnownFileType = sourcecode.c.h; path = MyTableViewCell.h; sourceTree = "<group>"; };
		C451AC5C1A5CF0EA001FFF41 /* MyTableViewCell.m */ = {isa = PBXFileReference; fileEncoding = 4; lastKnownFileType = sourcecode.c.objc; path = MyTableViewCell.m; sourceTree = "<group>"; };
		C45257D41A77ED7A00102BBE /* first_normal.png */ = {isa = PBXFileReference; lastKnownFileType = image.png; name = first_normal.png; path = Images/first_normal.png; sourceTree = "<group>"; };
		C45257D51A77ED7A00102BBE /* first_normal@2x.png */ = {isa = PBXFileReference; lastKnownFileType = image.png; name = "first_normal@2x.png"; path = "Images/first_normal@2x.png"; sourceTree = "<group>"; };
		C45257D61A77ED7A00102BBE /* first_selected.png */ = {isa = PBXFileReference; lastKnownFileType = image.png; name = first_selected.png; path = Images/first_selected.png; sourceTree = "<group>"; };
		C45257D71A77ED7A00102BBE /* first_selected@2x.png */ = {isa = PBXFileReference; lastKnownFileType = image.png; name = "first_selected@2x.png"; path = "Images/first_selected@2x.png"; sourceTree = "<group>"; };
		C45257D81A77ED7A00102BBE /* icon-29.png */ = {isa = PBXFileReference; lastKnownFileType = image.png; name = "icon-29.png"; path = "Images/icon-29.png"; sourceTree = "<group>"; };
		C45257D91A77ED7A00102BBE /* icon-29@2x.png */ = {isa = PBXFileReference; lastKnownFileType = image.png; name = "icon-29@2x.png"; path = "Images/icon-29@2x.png"; sourceTree = "<group>"; };
		C45257DA1A77ED7A00102BBE /* icon-40.png */ = {isa = PBXFileReference; lastKnownFileType = image.png; name = "icon-40.png"; path = "Images/icon-40.png"; sourceTree = "<group>"; };
		C45257DB1A77ED7A00102BBE /* icon-40@2x.png */ = {isa = PBXFileReference; lastKnownFileType = image.png; name = "icon-40@2x.png"; path = "Images/icon-40@2x.png"; sourceTree = "<group>"; };
		C45257DC1A77ED7A00102BBE /* icon-40@3x.png */ = {isa = PBXFileReference; lastKnownFileType = image.png; name = "icon-40@3x.png"; path = "Images/icon-40@3x.png"; sourceTree = "<group>"; };
		C45257DD1A77ED7A00102BBE /* icon-60@2x.png */ = {isa = PBXFileReference; lastKnownFileType = image.png; name = "icon-60@2x.png"; path = "Images/icon-60@2x.png"; sourceTree = "<group>"; };
		C45257DE1A77ED7A00102BBE /* icon-60@3x.png */ = {isa = PBXFileReference; lastKnownFileType = image.png; name = "icon-60@3x.png"; path = "Images/icon-60@3x.png"; sourceTree = "<group>"; };
		C45257DF1A77ED7A00102BBE /* icon-72.png */ = {isa = PBXFileReference; lastKnownFileType = image.png; name = "icon-72.png"; path = "Images/icon-72.png"; sourceTree = "<group>"; };
		C45257E01A77ED7A00102BBE /* icon-72@2x.png */ = {isa = PBXFileReference; lastKnownFileType = image.png; name = "icon-72@2x.png"; path = "Images/icon-72@2x.png"; sourceTree = "<group>"; };
		C45257E11A77ED7A00102BBE /* icon-72@3x.png */ = {isa = PBXFileReference; lastKnownFileType = image.png; name = "icon-72@3x.png"; path = "Images/icon-72@3x.png"; sourceTree = "<group>"; };
		C45257E21A77ED7A00102BBE /* icon-76.png */ = {isa = PBXFileReference; lastKnownFileType = image.png; name = "icon-76.png"; path = "Images/icon-76.png"; sourceTree = "<group>"; };
		C45257E31A77ED7A00102BBE /* icon-76@2x.png */ = {isa = PBXFileReference; lastKnownFileType = image.png; name = "icon-76@2x.png"; path = "Images/icon-76@2x.png"; sourceTree = "<group>"; };
		C45257E71A77ED7A00102BBE /* icon.png */ = {isa = PBXFileReference; lastKnownFileType = image.png; name = icon.png; path = Images/icon.png; sourceTree = "<group>"; };
		C45257E81A77ED7A00102BBE /* icon@2x.png */ = {isa = PBXFileReference; lastKnownFileType = image.png; name = "icon@2x.png"; path = "Images/icon@2x.png"; sourceTree = "<group>"; };
		C45257EB1A77ED7A00102BBE /* timeline.png */ = {isa = PBXFileReference; lastKnownFileType = image.png; name = timeline.png; path = Images/timeline.png; sourceTree = "<group>"; };
		C45257EC1A77ED7A00102BBE /* macphone-1.png */ = {isa = PBXFileReference; lastKnownFileType = image.png; name = "macphone-1.png"; path = "Images/macphone-1.png"; sourceTree = "<group>"; };
		C45257ED1A77ED7A00102BBE /* navigationbar_background_tall.png */ = {isa = PBXFileReference; lastKnownFileType = image.png; name = navigationbar_background_tall.png; path = Images/navigationbar_background_tall.png; sourceTree = "<group>"; };
		C45257EE1A77ED7A00102BBE /* navigationbar_background_tall@2x.png */ = {isa = PBXFileReference; lastKnownFileType = image.png; name = "navigationbar_background_tall@2x.png"; path = "Images/navigationbar_background_tall@2x.png"; sourceTree = "<group>"; };
		C45257EF1A77ED7A00102BBE /* navigationbar_background.png */ = {isa = PBXFileReference; lastKnownFileType = image.png; name = navigationbar_background.png; path = Images/navigationbar_background.png; sourceTree = "<group>"; };
		C45257F01A77ED7A00102BBE /* navigationbar_background@2x.png */ = {isa = PBXFileReference; lastKnownFileType = image.png; name = "navigationbar_background@2x.png"; path = "Images/navigationbar_background@2x.png"; sourceTree = "<group>"; };
		C45258381A77EF0F00102BBE /* icon-50@2x.png */ = {isa = PBXFileReference; lastKnownFileType = image.png; name = "icon-50@2x.png"; path = "Images/icon-50@2x.png"; sourceTree = "<group>"; };
		C45258391A77EF0F00102BBE /* icon-50.png */ = {isa = PBXFileReference; lastKnownFileType = image.png; name = "icon-50.png"; path = "Images/icon-50.png"; sourceTree = "<group>"; };
		C452583C1A77F15100102BBE /* icon-29@3x.png */ = {isa = PBXFileReference; lastKnownFileType = image.png; name = "icon-29@3x.png"; path = "Images/icon-29@3x.png"; sourceTree = "<group>"; };
		C4814DDF1A78F59E00837203 /* Alternatives+NSLog.h */ = {isa = PBXFileReference; fileEncoding = 4; lastKnownFileType = sourcecode.c.h; path = "Alternatives+NSLog.h"; sourceTree = "<group>"; };
		C4B282741A6173EB00441AFB /* ContainerTopBar.h */ = {isa = PBXFileReference; fileEncoding = 4; lastKnownFileType = sourcecode.c.h; path = ContainerTopBar.h; sourceTree = "<group>"; };
		C4B282751A6173EB00441AFB /* ContainerTopBar.m */ = {isa = PBXFileReference; fileEncoding = 4; lastKnownFileType = sourcecode.c.objc; path = ContainerTopBar.m; sourceTree = "<group>"; };
		C4B282771A61741400441AFB /* NSMutableArray+Util.h */ = {isa = PBXFileReference; fileEncoding = 4; lastKnownFileType = sourcecode.c.h; path = "NSMutableArray+Util.h"; sourceTree = "<group>"; };
		C4B282781A61741400441AFB /* NSMutableArray+Util.m */ = {isa = PBXFileReference; fileEncoding = 4; lastKnownFileType = sourcecode.c.objc; path = "NSMutableArray+Util.m"; sourceTree = "<group>"; };
		C4B813671A482F80001218E1 /* libsqlite3.dylib */ = {isa = PBXFileReference; lastKnownFileType = "compiled.mach-o.dylib"; name = libsqlite3.dylib; path = usr/lib/libsqlite3.dylib; sourceTree = SDKROOT; };
		C4BE05701A70157600F55F94 /* DidShowCurrent.h */ = {isa = PBXFileReference; lastKnownFileType = sourcecode.c.h; path = DidShowCurrent.h; sourceTree = "<group>"; };
		C4C995681A64BA38001B085A /* ios_icon-200-200.png */ = {isa = PBXFileReference; lastKnownFileType = image.png; path = "ios_icon-200-200.png"; sourceTree = "<group>"; };
		C4C995691A64BA38001B085A /* icon@2x.png */ = {isa = PBXFileReference; lastKnownFileType = image.png; path = "icon@2x.png"; sourceTree = "<group>"; };
		C4C9956C1A64BA40001B085A /* zhiwen8-345-500.png */ = {isa = PBXFileReference; lastKnownFileType = image.png; path = "zhiwen8-345-500.png"; sourceTree = "<group>"; };
		C4E14A221A9B506900A97313 /* PullRefreshTableViewController.h */ = {isa = PBXFileReference; fileEncoding = 4; lastKnownFileType = sourcecode.c.h; path = PullRefreshTableViewController.h; sourceTree = "<group>"; };
		C4E14A231A9B506900A97313 /* PullRefreshTableViewController.m */ = {isa = PBXFileReference; fileEncoding = 4; lastKnownFileType = sourcecode.c.objc; path = PullRefreshTableViewController.m; sourceTree = "<group>"; };
		C4E14A271A9B6AE300A97313 /* arrow.png */ = {isa = PBXFileReference; lastKnownFileType = image.png; path = arrow.png; sourceTree = "<group>"; };
		C4EA43F41A6384B30061FE79 /* processPattern-old.h */ = {isa = PBXFileReference; lastKnownFileType = sourcecode.c.h; path = "processPattern-old.h"; sourceTree = "<group>"; };
		C4EA43F51A6385050061FE79 /* dictList.h */ = {isa = PBXFileReference; lastKnownFileType = sourcecode.c.h; path = dictList.h; sourceTree = "<group>"; };
		C4EA43F61A6385050061FE79 /* dictType.h */ = {isa = PBXFileReference; lastKnownFileType = sourcecode.c.h; path = dictType.h; sourceTree = "<group>"; };
		C4EE682C1A691EA100EEB947 /* DatabaseUtils.h */ = {isa = PBXFileReference; fileEncoding = 4; lastKnownFileType = sourcecode.c.h; path = DatabaseUtils.h; sourceTree = "<group>"; };
		C4EE682D1A691EA100EEB947 /* DatabaseUtils.m */ = {isa = PBXFileReference; fileEncoding = 4; lastKnownFileType = sourcecode.c.objc; path = DatabaseUtils.m; sourceTree = "<group>"; };
		C4EE682F1A691F0C00EEB947 /* ViewControllerChart.h */ = {isa = PBXFileReference; fileEncoding = 4; lastKnownFileType = sourcecode.c.h; path = ViewControllerChart.h; sourceTree = "<group>"; };
		C4EE68301A691F0C00EEB947 /* ViewControllerChart.m */ = {isa = PBXFileReference; fileEncoding = 4; lastKnownFileType = sourcecode.c.objc; path = ViewControllerChart.m; sourceTree = "<group>"; };
		C4EE68341A691F3900EEB947 /* GraphicView.h */ = {isa = PBXFileReference; fileEncoding = 4; lastKnownFileType = sourcecode.c.h; path = GraphicView.h; sourceTree = "<group>"; };
		C4EE68351A691F3900EEB947 /* GraphicView.m */ = {isa = PBXFileReference; fileEncoding = 4; lastKnownFileType = sourcecode.c.objc; path = GraphicView.m; sourceTree = "<group>"; };
/* End PBXFileReference section */

/* Begin PBXFrameworksBuildPhase section */
		C44C1E981A32FA7500BDE49B /* Frameworks */ = {
			isa = PBXFrameworksBuildPhase;
			buildActionMask = 2147483647;
			files = (
				C4B813681A482F80001218E1 /* libsqlite3.dylib in Frameworks */,
				C44C1ECF1A32FB3400BDE49B /* iflyMSC.framework in Frameworks */,
				C44C1ECD1A32FACB00BDE49B /* libz.dylib in Frameworks */,
				C44C1ECB1A32FABC00BDE49B /* SystemConfiguration.framework in Frameworks */,
				C44C1EC91A32FAB200BDE49B /* AddressBook.framework in Frameworks */,
				C44C1EC71A32FAA800BDE49B /* AVFoundation.framework in Frameworks */,
				C44C1EC51A32FAA000BDE49B /* AdSupport.framework in Frameworks */,
				3C24DB9431B2FB005FCC759A /* libPods.a in Frameworks */,
			);
			runOnlyForDeploymentPostprocessing = 0;
		};
		C44C1EB11A32FA7500BDE49B /* Frameworks */ = {
			isa = PBXFrameworksBuildPhase;
			buildActionMask = 2147483647;
			files = (
			);
			runOnlyForDeploymentPostprocessing = 0;
		};
/* End PBXFrameworksBuildPhase section */

/* Begin PBXGroup section */
		4A78E6901A51527E006FF062 /* Images */ = {
			isa = PBXGroup;
			children = (
				C42837431A664A0200EC1CAB /* 社交030.png */,
				C42837441A664A0200EC1CAB /* 生活001.png */,
				C42837451A664A0200EC1CAB /* 时间004.png */,
				C42837461A664A0200EC1CAB /* 信息023.png */,
				C42837471A664A0200EC1CAB /* 学习018.png */,
				C42837481A664A0200EC1CAB /* 饮食016.png */,
				C42837491A664A0200EC1CAB /* 娱乐001.png */,
				C428374A1A664A0200EC1CAB /* 运动025.png */,
				C4C995691A64BA38001B085A /* icon@2x.png */,
				C4C9956C1A64BA40001B085A /* zhiwen8-345-500.png */,
				C4C995681A64BA38001B085A /* ios_icon-200-200.png */,
				4A78E6911A51527E006FF062 /* first_normal.png */,
				4A78E6921A51527E006FF062 /* first_normal@2x.png */,
				4A78E6931A51527E006FF062 /* first_selected.png */,
				4A78E6941A51527E006FF062 /* first_selected@2x.png */,
				4A78E6951A51527E006FF062 /* navigationbar_background.png */,
				4A78E6961A51527E006FF062 /* navigationbar_background@2x.png */,
				4A78E6971A51527E006FF062 /* navigationbar_background_tall.png */,
				4A78E6981A51527E006FF062 /* navigationbar_background_tall@2x.png */,
				4A78E6991A51527E006FF062 /* second_normal.png */,
				C42837531A66599E00EC1CAB /* line.png */,
				4A78E69A1A51527E006FF062 /* second_normal@2x.png */,
				4A78E69B1A51527E006FF062 /* second_selected.png */,
				4A78E69C1A51527E006FF062 /* second_selected@2x.png */,
				4A78E69D1A51527E006FF062 /* tabbar_normal_background.png */,
				4A78E69E1A51527E006FF062 /* tabbar_normal_background@2x.png */,
				4A78E69F1A51527E006FF062 /* tabbar_selected_background.png */,
				4A78E6A01A51527E006FF062 /* tabbar_selected_background@2x.png */,
				4A78E6A11A51527E006FF062 /* third_normal.png */,
				4A78E6A21A51527E006FF062 /* third_normal@2x.png */,
				4A78E6A31A51527E006FF062 /* third_selected.png */,
				4A78E6A41A51527E006FF062 /* third_selected@2x.png */,
			);
			name = Images;
			path = ../AudioNote/Images;
			sourceTree = "<group>";
		};
		C435F3001A675B8F0084BC98 /* images */ = {
			isa = PBXGroup;
			children = (
				C452583C1A77F15100102BBE /* icon-29@3x.png */,
				C4E14A271A9B6AE300A97313 /* arrow.png */,
				C45258381A77EF0F00102BBE /* icon-50@2x.png */,
				C45258391A77EF0F00102BBE /* icon-50.png */,
				C45257D41A77ED7A00102BBE /* first_normal.png */,
				C45257D51A77ED7A00102BBE /* first_normal@2x.png */,
				C45257D61A77ED7A00102BBE /* first_selected.png */,
				C45257D71A77ED7A00102BBE /* first_selected@2x.png */,
				C45257D81A77ED7A00102BBE /* icon-29.png */,
				C45257D91A77ED7A00102BBE /* icon-29@2x.png */,
				C45257DA1A77ED7A00102BBE /* icon-40.png */,
				C45257DB1A77ED7A00102BBE /* icon-40@2x.png */,
				C45257DC1A77ED7A00102BBE /* icon-40@3x.png */,
				C45257DD1A77ED7A00102BBE /* icon-60@2x.png */,
				C45257DE1A77ED7A00102BBE /* icon-60@3x.png */,
				C45257DF1A77ED7A00102BBE /* icon-72.png */,
				C45257E01A77ED7A00102BBE /* icon-72@2x.png */,
				C45257E11A77ED7A00102BBE /* icon-72@3x.png */,
				C45257E21A77ED7A00102BBE /* icon-76.png */,
				C45257E31A77ED7A00102BBE /* icon-76@2x.png */,
				C45257E71A77ED7A00102BBE /* icon.png */,
				C45257E81A77ED7A00102BBE /* icon@2x.png */,
				C45257EB1A77ED7A00102BBE /* timeline.png */,
				C45257EC1A77ED7A00102BBE /* macphone-1.png */,
				C45257ED1A77ED7A00102BBE /* navigationbar_background_tall.png */,
				C45257EE1A77ED7A00102BBE /* navigationbar_background_tall@2x.png */,
				C45257EF1A77ED7A00102BBE /* navigationbar_background.png */,
				C45257F01A77ED7A00102BBE /* navigationbar_background@2x.png */,
			);
			name = images;
			sourceTree = "<group>";
		};
		C44983C91BB2539200BEA3F8 /* Components */ = {
			isa = PBXGroup;
			children = (
				C44983CA1BB2539200BEA3F8 /* ContainerView */,
				C44983CE1BB2539200BEA3F8 /* FirstView */,
				C44983D21BB2539200BEA3F8 /* SecondView */,
				C44983D61BB2539200BEA3F8 /* ThirdView */,
			);
			path = Components;
			sourceTree = "<group>";
		};
		C44983CA1BB2539200BEA3F8 /* ContainerView */ = {
			isa = PBXGroup;
			children = (
				C44983CB1BB2539200BEA3F8 /* ViewControllerContainer.h */,
				C44983CC1BB2539200BEA3F8 /* ViewControllerContainer.m */,
				C44983CD1BB2539200BEA3F8 /* ViewControllerContainer.xib */,
			);
			path = ContainerView;
			sourceTree = "<group>";
		};
		C44983CE1BB2539200BEA3F8 /* FirstView */ = {
			isa = PBXGroup;
			children = (
				C44983CF1BB2539200BEA3F8 /* ViewControllerFirst.h */,
				C44983D01BB2539200BEA3F8 /* ViewControllerFirst.m */,
				C44983D11BB2539200BEA3F8 /* ViewControllerFirst.xib */,
			);
			path = FirstView;
			sourceTree = "<group>";
		};
		C44983D21BB2539200BEA3F8 /* SecondView */ = {
			isa = PBXGroup;
			children = (
				C44983D31BB2539200BEA3F8 /* ViewControllerSecond.h */,
				C44983D41BB2539200BEA3F8 /* ViewControllerSecond.m */,
			);
			path = SecondView;
			sourceTree = "<group>";
		};
		C44983D61BB2539200BEA3F8 /* ThirdView */ = {
			isa = PBXGroup;
			children = (
				C44983D71BB2539200BEA3F8 /* ViewControllerThird.h */,
				C44983D81BB2539200BEA3F8 /* ViewControllerThird.m */,
				C44983D91BB2539200BEA3F8 /* ViewControllerThird.xib */,
			);
			path = ThirdView;
			sourceTree = "<group>";
		};
		C44983E21BB2EAA800BEA3F8 /* HttpUtils */ = {
			isa = PBXGroup;
			children = (
				C44983E31BB2EAA800BEA3F8 /* HttpUtils.h */,
				C44983E41BB2EAA800BEA3F8 /* HttpUtils.m */,
			);
			name = HttpUtils;
			path = Utils/HttpUtils;
			sourceTree = "<group>";
		};
		C44983E51BB2EAA800BEA3F8 /* FileUtils */ = {
			isa = PBXGroup;
			children = (
				C44983EA1BB2EAA800BEA3F8 /* FileUtils.h */,
				C44983EB1BB2EAA800BEA3F8 /* FileUtils.m */,
			);
			name = FileUtils;
			path = Utils/FileUtils;
			sourceTree = "<group>";
		};
		C44983EC1BB2EAA800BEA3F8 /* DatabaseUtils */ = {
			isa = PBXGroup;
			children = (
			);
			name = DatabaseUtils;
			path = Utils/DatabaseUtils;
			sourceTree = "<group>";
		};
		C44983F11BB2EAA800BEA3F8 /* DateUtils */ = {
			isa = PBXGroup;
			children = (
				C44983F21BB2EAA800BEA3F8 /* DateUtils.h */,
				C44983F31BB2EAA800BEA3F8 /* DateUtils.m */,
			);
			name = DateUtils;
			path = Utils/DateUtils;
			sourceTree = "<group>";
		};
		C44983F41BB2EAA800BEA3F8 /* ViewUtils */ = {
			isa = PBXGroup;
			children = (
				C44983F51BB2EAA800BEA3F8 /* ViewUtils.h */,
				C44983F61BB2EAA800BEA3F8 /* ViewUtils.m */,
			);
			name = ViewUtils;
			path = Utils/ViewUtils;
			sourceTree = "<group>";
		};
		C44984021BB2EBD100BEA3F8 /* Models */ = {
			isa = PBXGroup;
			children = (
				C44984061BB2EBD100BEA3F8 /* BaseModel */,
				C44984091BB2EBD100BEA3F8 /* HttpResponse */,
			);
			path = Models;
			sourceTree = "<group>";
		};
		C44984061BB2EBD100BEA3F8 /* BaseModel */ = {
			isa = PBXGroup;
			children = (
				C44984071BB2EBD100BEA3F8 /* BaseModel.h */,
				C44984081BB2EBD100BEA3F8 /* BaseModel.m */,
			);
			path = BaseModel;
			sourceTree = "<group>";
		};
		C44984091BB2EBD100BEA3F8 /* HttpResponse */ = {
			isa = PBXGroup;
			children = (
				C449840A1BB2EBD100BEA3F8 /* HttpResponse.h */,
				C449840B1BB2EBD100BEA3F8 /* HttpResponse.m */,
			);
			path = HttpResponse;
			sourceTree = "<group>";
		};
		C44984251BB2EC1100BEA3F8 /* Shared */ = {
			isa = PBXGroup;
			children = (
				C44984261BB2EC2500BEA3F8 /* const.h */,
			);
			path = Shared;
			sourceTree = "<group>";
		};
		C44984271BB2ED3A00BEA3F8 /* ISRDataHelper */ = {
			isa = PBXGroup;
			children = (
				C44984281BB2ED3A00BEA3F8 /* ISRDataHelper.h */,
				C44984291BB2ED3A00BEA3F8 /* ISRDataHelper.m */,
			);
			name = ISRDataHelper;
			path = Utils/ISRDataHelper;
			sourceTree = "<group>";
		};
		C44C1E921A32FA7500BDE49B = {
			isa = PBXGroup;
			children = (
				C44C1E9D1A32FA7500BDE49B /* AudioNote */,
				C44C1ED01A32FB3C00BDE49B /* Frameworks */,
				C44C1EB71A32FA7500BDE49B /* AudioNoteTests */,
				C44C1E9C1A32FA7500BDE49B /* Products */,
				EFC5AEF8610E52707B336C1F /* Pods */,
			);
			sourceTree = "<group>";
		};
		C44C1E9C1A32FA7500BDE49B /* Products */ = {
			isa = PBXGroup;
			children = (
				C44C1E9B1A32FA7500BDE49B /* AudioNote.app */,
				C44C1EB41A32FA7500BDE49B /* AudioNoteTests.xctest */,
			);
			name = Products;
			sourceTree = "<group>";
		};
		C44C1E9D1A32FA7500BDE49B /* AudioNote */ = {
			isa = PBXGroup;
			children = (
				C44984251BB2EC1100BEA3F8 /* Shared */,
				C44984021BB2EBD100BEA3F8 /* Models */,
				C44983C91BB2539200BEA3F8 /* Components */,
				C44C1EA21A32FA7500BDE49B /* AppDelegate.h */,
				C44C1EA31A32FA7500BDE49B /* AppDelegate.m */,
				C451AC561A5CD957001FFF41 /* MVC */,
				C4EE68331A691F2B00EEB947 /* Chart */,
				C4B2827A1A61743300441AFB /* Utils */,
				C451AC551A5CD93A001FFF41 /* ViewUtils */,
				C451AC541A5CD92D001FFF41 /* DatabaseUtils */,
				C451AC521A5CD90A001FFF41 /* ProcessPattern */,
				C44C1EAB1A32FA7500BDE49B /* Images.xcassets */,
				C4363D071A68B1990016A414 /* LaunchScreen.xib */,
				C44C1E9E1A32FA7500BDE49B /* Supporting Files */,
			);
			path = AudioNote;
			sourceTree = "<group>";
		};
		C44C1E9E1A32FA7500BDE49B /* Supporting Files */ = {
			isa = PBXGroup;
			children = (
				C435F3001A675B8F0084BC98 /* images */,
				C44C1E9F1A32FA7500BDE49B /* Info.plist */,
				C44C1EA01A32FA7500BDE49B /* main.m */,
			);
			name = "Supporting Files";
			sourceTree = "<group>";
		};
		C44C1EB71A32FA7500BDE49B /* AudioNoteTests */ = {
			isa = PBXGroup;
			children = (
				C44C1EBA1A32FA7500BDE49B /* AudioNoteTests.m */,
				C44C1EB81A32FA7500BDE49B /* Supporting Files */,
			);
			path = AudioNoteTests;
			sourceTree = "<group>";
		};
		C44C1EB81A32FA7500BDE49B /* Supporting Files */ = {
			isa = PBXGroup;
			children = (
				4A78E6901A51527E006FF062 /* Images */,
				C44C1EB91A32FA7500BDE49B /* Info.plist */,
			);
			name = "Supporting Files";
			sourceTree = "<group>";
		};
		C44C1ED01A32FB3C00BDE49B /* Frameworks */ = {
			isa = PBXGroup;
			children = (
				C4B813671A482F80001218E1 /* libsqlite3.dylib */,
				C44C1ECE1A32FB3400BDE49B /* iflyMSC.framework */,
				C44C1ECC1A32FACB00BDE49B /* libz.dylib */,
				C44C1ECA1A32FABC00BDE49B /* SystemConfiguration.framework */,
				C44C1EC81A32FAB200BDE49B /* AddressBook.framework */,
				C44C1EC61A32FAA800BDE49B /* AVFoundation.framework */,
				C44C1EC41A32FAA000BDE49B /* AdSupport.framework */,
				93C4312CB0B90BD662BBC17B /* libPods.a */,
			);
			name = Frameworks;
			sourceTree = "<group>";
		};
		C451AC521A5CD90A001FFF41 /* ProcessPattern */ = {
			isa = PBXGroup;
			children = (
				C4EA43F51A6385050061FE79 /* dictList.h */,
				C4EA43F61A6385050061FE79 /* dictType.h */,
				4A78E6551A51424A006FF062 /* processPattern.h */,
				C4EA43F41A6384B30061FE79 /* processPattern-old.h */,
			);
			name = ProcessPattern;
			sourceTree = "<group>";
		};
		C451AC541A5CD92D001FFF41 /* DatabaseUtils */ = {
			isa = PBXGroup;
			children = (
				C4EE682C1A691EA100EEB947 /* DatabaseUtils.h */,
				C4EE682D1A691EA100EEB947 /* DatabaseUtils.m */,
			);
			name = DatabaseUtils;
			sourceTree = "<group>";
		};
		C451AC551A5CD93A001FFF41 /* ViewUtils */ = {
			isa = PBXGroup;
			children = (
				C4E14A221A9B506900A97313 /* PullRefreshTableViewController.h */,
				C4E14A231A9B506900A97313 /* PullRefreshTableViewController.m */,
				C4B282741A6173EB00441AFB /* ContainerTopBar.h */,
				C4B282751A6173EB00441AFB /* ContainerTopBar.m */,
				C417E5F21A5BC1C90085CBBF /* ViewCommonUtils.h */,
				C417E5F31A5BC5720085CBBF /* ViewCommonUtils.m */,
				C451AC5B1A5CE327001FFF41 /* MyTableViewCell.h */,
				C451AC5C1A5CF0EA001FFF41 /* MyTableViewCell.m */,
				C451AC591A5CE115001FFF41 /* MyTableViewCell.xib */,
			);
			name = ViewUtils;
			sourceTree = "<group>";
		};
		C451AC561A5CD957001FFF41 /* MVC */ = {
			isa = PBXGroup;
			children = (
				C4EE682F1A691F0C00EEB947 /* ViewControllerChart.h */,
				C4EE68301A691F0C00EEB947 /* ViewControllerChart.m */,
			);
			name = MVC;
			sourceTree = "<group>";
		};
		C4B2827A1A61743300441AFB /* Utils */ = {
			isa = PBXGroup;
			children = (
				C44984271BB2ED3A00BEA3F8 /* ISRDataHelper */,
				C44983FF1BB2EB6600BEA3F8 /* ExtendNSLogFunctionality.h */,
				C44984001BB2EB6600BEA3F8 /* ExtendNSLogFunctionality.m */,
				C44983E21BB2EAA800BEA3F8 /* HttpUtils */,
				C44983E51BB2EAA800BEA3F8 /* FileUtils */,
				C44983EC1BB2EAA800BEA3F8 /* DatabaseUtils */,
				C44983F11BB2EAA800BEA3F8 /* DateUtils */,
				C44983F41BB2EAA800BEA3F8 /* ViewUtils */,
				C4BE05701A70157600F55F94 /* DidShowCurrent.h */,
				C4B282771A61741400441AFB /* NSMutableArray+Util.h */,
				C4B282781A61741400441AFB /* NSMutableArray+Util.m */,
				C4814DDF1A78F59E00837203 /* Alternatives+NSLog.h */,
			);
			name = Utils;
			sourceTree = "<group>";
		};
		C4EE68331A691F2B00EEB947 /* Chart */ = {
			isa = PBXGroup;
			children = (
				C4EE68341A691F3900EEB947 /* GraphicView.h */,
				C4EE68351A691F3900EEB947 /* GraphicView.m */,
			);
			name = Chart;
			sourceTree = "<group>";
		};
		EFC5AEF8610E52707B336C1F /* Pods */ = {
			isa = PBXGroup;
			children = (
				2FDE80C0EE66E88997D64E38 /* Pods.debug.xcconfig */,
				79D2674ED101D8F5CB740C2B /* Pods.release.xcconfig */,
			);
			name = Pods;
			sourceTree = "<group>";
		};
/* End PBXGroup section */

/* Begin PBXNativeTarget section */
		C44C1E9A1A32FA7500BDE49B /* AudioNote */ = {
			isa = PBXNativeTarget;
			buildConfigurationList = C44C1EBE1A32FA7500BDE49B /* Build configuration list for PBXNativeTarget "AudioNote" */;
			buildPhases = (
				815F06C582B23A8E3FF7953C /* Check Pods Manifest.lock */,
				C44C1E971A32FA7500BDE49B /* Sources */,
				C44C1E981A32FA7500BDE49B /* Frameworks */,
				C44C1E991A32FA7500BDE49B /* Resources */,
				5F3FEDDCCED012C6C45C64C8 /* Embed Pods Frameworks */,
				25954E3A36CA6A370F0190CA /* Copy Pods Resources */,
			);
			buildRules = (
			);
			dependencies = (
			);
			name = AudioNote;
			productName = AudioNote;
			productReference = C44C1E9B1A32FA7500BDE49B /* AudioNote.app */;
			productType = "com.apple.product-type.application";
		};
		C44C1EB31A32FA7500BDE49B /* AudioNoteTests */ = {
			isa = PBXNativeTarget;
			buildConfigurationList = C44C1EC11A32FA7500BDE49B /* Build configuration list for PBXNativeTarget "AudioNoteTests" */;
			buildPhases = (
				C44C1EB01A32FA7500BDE49B /* Sources */,
				C44C1EB11A32FA7500BDE49B /* Frameworks */,
				C44C1EB21A32FA7500BDE49B /* Resources */,
			);
			buildRules = (
			);
			dependencies = (
				C44C1EB61A32FA7500BDE49B /* PBXTargetDependency */,
			);
			name = AudioNoteTests;
			productName = AudioNoteTests;
			productReference = C44C1EB41A32FA7500BDE49B /* AudioNoteTests.xctest */;
			productType = "com.apple.product-type.bundle.unit-test";
		};
/* End PBXNativeTarget section */

/* Begin PBXProject section */
		C44C1E931A32FA7500BDE49B /* Project object */ = {
			isa = PBXProject;
			attributes = {
				LastUpgradeCheck = 0610;
				ORGANIZATIONNAME = Intfocus;
				TargetAttributes = {
					C44C1E9A1A32FA7500BDE49B = {
						CreatedOnToolsVersion = 6.1;
						DevelopmentTeam = 25N8WP7D4H;
					};
					C44C1EB31A32FA7500BDE49B = {
						CreatedOnToolsVersion = 6.1;
						TestTargetID = C44C1E9A1A32FA7500BDE49B;
					};
				};
			};
			buildConfigurationList = C44C1E961A32FA7500BDE49B /* Build configuration list for PBXProject "AudioNote" */;
			compatibilityVersion = "Xcode 3.2";
			developmentRegion = English;
			hasScannedForEncodings = 0;
			knownRegions = (
				en,
				Base,
			);
			mainGroup = C44C1E921A32FA7500BDE49B;
			productRefGroup = C44C1E9C1A32FA7500BDE49B /* Products */;
			projectDirPath = "";
			projectRoot = "";
			targets = (
				C44C1E9A1A32FA7500BDE49B /* AudioNote */,
				C44C1EB31A32FA7500BDE49B /* AudioNoteTests */,
			);
		};
/* End PBXProject section */

/* Begin PBXResourcesBuildPhase section */
		C44C1E991A32FA7500BDE49B /* Resources */ = {
			isa = PBXResourcesBuildPhase;
			buildActionMask = 2147483647;
			files = (
				C4C9956A1A64BA38001B085A /* ios_icon-200-200.png in Resources */,
				4A78E6AF1A51527E006FF062 /* second_selected.png in Resources */,
				C452581D1A77ED7A00102BBE /* timeline.png in Resources */,
				4A78E6B01A51527E006FF062 /* second_selected@2x.png in Resources */,
				4A78E6B51A51527E006FF062 /* third_normal.png in Resources */,
				C452580D1A77ED7A00102BBE /* icon-40@2x.png in Resources */,
				C45258141A77ED7A00102BBE /* icon-76.png in Resources */,
				C452581A1A77ED7A00102BBE /* icon@2x.png in Resources */,
				4A78E6B41A51527E006FF062 /* tabbar_selected_background@2x.png in Resources */,
				C452580B1A77ED7A00102BBE /* icon-29@2x.png in Resources */,
				C45258211A77ED7A00102BBE /* navigationbar_background.png in Resources */,
				4A78E6B31A51527E006FF062 /* tabbar_selected_background.png in Resources */,
				C451AC5A1A5CE115001FFF41 /* MyTableViewCell.xib in Resources */,
				4A78E6B11A51527E006FF062 /* tabbar_normal_background.png in Resources */,
				C452580C1A77ED7A00102BBE /* icon-40.png in Resources */,
				C452580F1A77ED7A00102BBE /* icon-60@2x.png in Resources */,
				C452583A1A77EF0F00102BBE /* icon-50@2x.png in Resources */,
				4A78E6B71A51527E006FF062 /* third_selected.png in Resources */,
				C452581F1A77ED7A00102BBE /* navigationbar_background_tall.png in Resources */,
				C45258071A77ED7A00102BBE /* first_normal@2x.png in Resources */,
				4A78E6B61A51527E006FF062 /* third_normal@2x.png in Resources */,
				C4E14A281A9B6AE300A97313 /* arrow.png in Resources */,
				C4C9956B1A64BA38001B085A /* icon@2x.png in Resources */,
				C45258101A77ED7A00102BBE /* icon-60@3x.png in Resources */,
				4A78E6AB1A51527E006FF062 /* navigationbar_background_tall.png in Resources */,
				C44983DD1BB2539200BEA3F8 /* ViewControllerFirst.xib in Resources */,
				4A78E6AC1A51527E006FF062 /* navigationbar_background_tall@2x.png in Resources */,
				C452581E1A77ED7A00102BBE /* macphone-1.png in Resources */,
				4A78E6A61A51527E006FF062 /* first_normal@2x.png in Resources */,
				C452583D1A77F15100102BBE /* icon-29@3x.png in Resources */,
				C45258061A77ED7A00102BBE /* first_normal.png in Resources */,
				C4363D081A68B1990016A414 /* LaunchScreen.xib in Resources */,
				4A78E6A91A51527E006FF062 /* navigationbar_background.png in Resources */,
				C45258111A77ED7A00102BBE /* icon-72.png in Resources */,
				4A78E6A71A51527E006FF062 /* first_selected.png in Resources */,
				4A78E6AA1A51527E006FF062 /* navigationbar_background@2x.png in Resources */,
				C45258121A77ED7A00102BBE /* icon-72@2x.png in Resources */,
				C45258221A77ED7A00102BBE /* navigationbar_background@2x.png in Resources */,
				4A78E6AD1A51527E006FF062 /* second_normal.png in Resources */,
				C45258091A77ED7A00102BBE /* first_selected@2x.png in Resources */,
				4A78E6B21A51527E006FF062 /* tabbar_normal_background@2x.png in Resources */,
				4A78E6AE1A51527E006FF062 /* second_normal@2x.png in Resources */,
				C45258081A77ED7A00102BBE /* first_selected.png in Resources */,
				C452580A1A77ED7A00102BBE /* icon-29.png in Resources */,
				4A78E6A81A51527E006FF062 /* first_selected@2x.png in Resources */,
				C45258131A77ED7A00102BBE /* icon-72@3x.png in Resources */,
				4A78E6B81A51527E006FF062 /* third_selected@2x.png in Resources */,
				C452583B1A77EF0F00102BBE /* icon-50.png in Resources */,
				C44C1EAC1A32FA7500BDE49B /* Images.xcassets in Resources */,
				C45258191A77ED7A00102BBE /* icon.png in Resources */,
				C45258201A77ED7A00102BBE /* navigationbar_background_tall@2x.png in Resources */,
				4A78E6A51A51527E006FF062 /* first_normal.png in Resources */,
				C45258151A77ED7A00102BBE /* icon-76@2x.png in Resources */,
				C44983DB1BB2539200BEA3F8 /* ViewControllerContainer.xib in Resources */,
				C452580E1A77ED7A00102BBE /* icon-40@3x.png in Resources */,
				C44983E11BB2539200BEA3F8 /* ViewControllerThird.xib in Resources */,
			);
			runOnlyForDeploymentPostprocessing = 0;
		};
		C44C1EB21A32FA7500BDE49B /* Resources */ = {
			isa = PBXResourcesBuildPhase;
			buildActionMask = 2147483647;
			files = (
			);
			runOnlyForDeploymentPostprocessing = 0;
		};
/* End PBXResourcesBuildPhase section */

/* Begin PBXShellScriptBuildPhase section */
		25954E3A36CA6A370F0190CA /* Copy Pods Resources */ = {
			isa = PBXShellScriptBuildPhase;
			buildActionMask = 2147483647;
			files = (
			);
			inputPaths = (
			);
			name = "Copy Pods Resources";
			outputPaths = (
			);
			runOnlyForDeploymentPostprocessing = 0;
			shellPath = /bin/sh;
			shellScript = "\"${SRCROOT}/Pods/Target Support Files/Pods/Pods-resources.sh\"\n";
			showEnvVarsInLog = 0;
		};
		5F3FEDDCCED012C6C45C64C8 /* Embed Pods Frameworks */ = {
			isa = PBXShellScriptBuildPhase;
			buildActionMask = 2147483647;
			files = (
			);
			inputPaths = (
			);
			name = "Embed Pods Frameworks";
			outputPaths = (
			);
			runOnlyForDeploymentPostprocessing = 0;
			shellPath = /bin/sh;
			shellScript = "\"${SRCROOT}/Pods/Target Support Files/Pods/Pods-frameworks.sh\"\n";
			showEnvVarsInLog = 0;
		};
		815F06C582B23A8E3FF7953C /* Check Pods Manifest.lock */ = {
			isa = PBXShellScriptBuildPhase;
			buildActionMask = 2147483647;
			files = (
			);
			inputPaths = (
			);
			name = "Check Pods Manifest.lock";
			outputPaths = (
			);
			runOnlyForDeploymentPostprocessing = 0;
			shellPath = /bin/sh;
			shellScript = "diff \"${PODS_ROOT}/../Podfile.lock\" \"${PODS_ROOT}/Manifest.lock\" > /dev/null\nif [[ $? != 0 ]] ; then\n    cat << EOM\nerror: The sandbox is not in sync with the Podfile.lock. Run 'pod install' or update your CocoaPods installation.\nEOM\n    exit 1\nfi\n";
			showEnvVarsInLog = 0;
		};
/* End PBXShellScriptBuildPhase section */

/* Begin PBXSourcesBuildPhase section */
		C44C1E971A32FA7500BDE49B /* Sources */ = {
			isa = PBXSourcesBuildPhase;
			buildActionMask = 2147483647;
			files = (
				C449842A1BB2ED3A00BEA3F8 /* ISRDataHelper.m in Sources */,
				C44983DE1BB2539200BEA3F8 /* ViewControllerSecond.m in Sources */,
				C4E14A241A9B506900A97313 /* PullRefreshTableViewController.m in Sources */,
				C4EE68311A691F0C00EEB947 /* ViewControllerChart.m in Sources */,
				C44983F71BB2EAA800BEA3F8 /* HttpUtils.m in Sources */,
				C4B282761A6173EB00441AFB /* ContainerTopBar.m in Sources */,
				C44C1EA41A32FA7500BDE49B /* AppDelegate.m in Sources */,
				C44983DA1BB2539200BEA3F8 /* ViewControllerContainer.m in Sources */,
				C451AC5D1A5CF0EA001FFF41 /* MyTableViewCell.m in Sources */,
				C4B282791A61741400441AFB /* NSMutableArray+Util.m in Sources */,
				C44C1EA11A32FA7500BDE49B /* main.m in Sources */,
				C4EE682E1A691EA100EEB947 /* DatabaseUtils.m in Sources */,
				C44983E01BB2539200BEA3F8 /* ViewControllerThird.m in Sources */,
				C44983DC1BB2539200BEA3F8 /* ViewControllerFirst.m in Sources */,
				C44983FA1BB2EAA800BEA3F8 /* FileUtils.m in Sources */,
				C44984011BB2EB6600BEA3F8 /* ExtendNSLogFunctionality.m in Sources */,
				C4EE68361A691F3900EEB947 /* GraphicView.m in Sources */,
				C449841E1BB2EBD100BEA3F8 /* HttpResponse.m in Sources */,
				C44983FE1BB2EAA800BEA3F8 /* ViewUtils.m in Sources */,
				C449841D1BB2EBD100BEA3F8 /* BaseModel.m in Sources */,
				C44983FD1BB2EAA800BEA3F8 /* DateUtils.m in Sources */,
				C417E5F41A5BC5720085CBBF /* ViewCommonUtils.m in Sources */,
			);
			runOnlyForDeploymentPostprocessing = 0;
		};
		C44C1EB01A32FA7500BDE49B /* Sources */ = {
			isa = PBXSourcesBuildPhase;
			buildActionMask = 2147483647;
			files = (
				C44C1EBB1A32FA7500BDE49B /* AudioNoteTests.m in Sources */,
			);
			runOnlyForDeploymentPostprocessing = 0;
		};
/* End PBXSourcesBuildPhase section */

/* Begin PBXTargetDependency section */
		C44C1EB61A32FA7500BDE49B /* PBXTargetDependency */ = {
			isa = PBXTargetDependency;
			target = C44C1E9A1A32FA7500BDE49B /* AudioNote */;
			targetProxy = C44C1EB51A32FA7500BDE49B /* PBXContainerItemProxy */;
		};
/* End PBXTargetDependency section */

/* Begin XCBuildConfiguration section */
		C44C1EBC1A32FA7500BDE49B /* Debug */ = {
			isa = XCBuildConfiguration;
			buildSettings = {
				ALWAYS_SEARCH_USER_PATHS = NO;
				CLANG_CXX_LANGUAGE_STANDARD = "gnu++0x";
				CLANG_CXX_LIBRARY = "libc++";
				CLANG_ENABLE_MODULES = YES;
				CLANG_ENABLE_OBJC_ARC = YES;
				CLANG_WARN_BOOL_CONVERSION = YES;
				CLANG_WARN_CONSTANT_CONVERSION = YES;
				CLANG_WARN_DIRECT_OBJC_ISA_USAGE = YES_ERROR;
				CLANG_WARN_EMPTY_BODY = YES;
				CLANG_WARN_ENUM_CONVERSION = YES;
				CLANG_WARN_INT_CONVERSION = YES;
				CLANG_WARN_OBJC_ROOT_CLASS = YES_ERROR;
				CLANG_WARN_UNREACHABLE_CODE = YES;
				CLANG_WARN__DUPLICATE_METHOD_MATCH = YES;
				"CODE_SIGN_IDENTITY[sdk=iphoneos*]" = "iPhone Developer";
				COPY_PHASE_STRIP = NO;
				ENABLE_STRICT_OBJC_MSGSEND = YES;
				GCC_C_LANGUAGE_STANDARD = gnu99;
				GCC_DYNAMIC_NO_PIC = NO;
				GCC_OPTIMIZATION_LEVEL = 0;
				GCC_PREPROCESSOR_DEFINITIONS = (
					"DEBUG=1",
					"$(inherited)",
				);
				GCC_SYMBOLS_PRIVATE_EXTERN = NO;
				GCC_WARN_64_TO_32_BIT_CONVERSION = YES;
				GCC_WARN_ABOUT_RETURN_TYPE = YES_ERROR;
				GCC_WARN_UNDECLARED_SELECTOR = YES;
				GCC_WARN_UNINITIALIZED_AUTOS = YES_AGGRESSIVE;
				GCC_WARN_UNUSED_FUNCTION = YES;
				GCC_WARN_UNUSED_VARIABLE = YES;
				IPHONEOS_DEPLOYMENT_TARGET = 8.1;
				MTL_ENABLE_DEBUG_INFO = YES;
				ONLY_ACTIVE_ARCH = YES;
				SDKROOT = iphoneos;
				TARGETED_DEVICE_FAMILY = "1,2";
			};
			name = Debug;
		};
		C44C1EBD1A32FA7500BDE49B /* Release */ = {
			isa = XCBuildConfiguration;
			buildSettings = {
				ALWAYS_SEARCH_USER_PATHS = NO;
				CLANG_CXX_LANGUAGE_STANDARD = "gnu++0x";
				CLANG_CXX_LIBRARY = "libc++";
				CLANG_ENABLE_MODULES = YES;
				CLANG_ENABLE_OBJC_ARC = YES;
				CLANG_WARN_BOOL_CONVERSION = YES;
				CLANG_WARN_CONSTANT_CONVERSION = YES;
				CLANG_WARN_DIRECT_OBJC_ISA_USAGE = YES_ERROR;
				CLANG_WARN_EMPTY_BODY = YES;
				CLANG_WARN_ENUM_CONVERSION = YES;
				CLANG_WARN_INT_CONVERSION = YES;
				CLANG_WARN_OBJC_ROOT_CLASS = YES_ERROR;
				CLANG_WARN_UNREACHABLE_CODE = YES;
				CLANG_WARN__DUPLICATE_METHOD_MATCH = YES;
				"CODE_SIGN_IDENTITY[sdk=iphoneos*]" = "iPhone Developer";
				COPY_PHASE_STRIP = YES;
				ENABLE_NS_ASSERTIONS = NO;
				ENABLE_STRICT_OBJC_MSGSEND = YES;
				GCC_C_LANGUAGE_STANDARD = gnu99;
				GCC_WARN_64_TO_32_BIT_CONVERSION = YES;
				GCC_WARN_ABOUT_RETURN_TYPE = YES_ERROR;
				GCC_WARN_UNDECLARED_SELECTOR = YES;
				GCC_WARN_UNINITIALIZED_AUTOS = YES_AGGRESSIVE;
				GCC_WARN_UNUSED_FUNCTION = YES;
				GCC_WARN_UNUSED_VARIABLE = YES;
				IPHONEOS_DEPLOYMENT_TARGET = 8.1;
				MTL_ENABLE_DEBUG_INFO = NO;
				SDKROOT = iphoneos;
				TARGETED_DEVICE_FAMILY = "1,2";
				VALIDATE_PRODUCT = YES;
			};
			name = Release;
		};
		C44C1EBF1A32FA7500BDE49B /* Debug */ = {
			isa = XCBuildConfiguration;
			baseConfigurationReference = 2FDE80C0EE66E88997D64E38 /* Pods.debug.xcconfig */;
			buildSettings = {
				ASSETCATALOG_COMPILER_APPICON_NAME = AppIcon;
				ASSETCATALOG_COMPILER_LAUNCHIMAGE_NAME = LaunchImage;
				CODE_SIGN_IDENTITY = "iPhone Developer";
				"CODE_SIGN_IDENTITY[sdk=iphoneos*]" = "iPhone Developer";
				COMPRESS_PNG_FILES = YES;
				FRAMEWORK_SEARCH_PATHS = (
					"$(inherited)",
					"$(PROJECT_DIR)/Lib",
				);
				INFOPLIST_FILE = AudioNote/Info.plist;
				IPHONEOS_DEPLOYMENT_TARGET = 6.0;
				LD_RUNPATH_SEARCH_PATHS = "$(inherited) @executable_path/Frameworks";
				PRODUCT_NAME = "$(TARGET_NAME)";
				PROVISIONING_PROFILE = "";
			};
			name = Debug;
		};
		C44C1EC01A32FA7500BDE49B /* Release */ = {
			isa = XCBuildConfiguration;
			baseConfigurationReference = 79D2674ED101D8F5CB740C2B /* Pods.release.xcconfig */;
			buildSettings = {
				ASSETCATALOG_COMPILER_APPICON_NAME = AppIcon;
				ASSETCATALOG_COMPILER_LAUNCHIMAGE_NAME = LaunchImage;
				CODE_SIGN_IDENTITY = "iPhone Developer";
				"CODE_SIGN_IDENTITY[sdk=iphoneos*]" = "iPhone Developer";
				COMPRESS_PNG_FILES = YES;
				FRAMEWORK_SEARCH_PATHS = (
					"$(inherited)",
					"$(PROJECT_DIR)/Lib",
				);
				INFOPLIST_FILE = AudioNote/Info.plist;
				IPHONEOS_DEPLOYMENT_TARGET = 6.0;
				LD_RUNPATH_SEARCH_PATHS = "$(inherited) @executable_path/Frameworks";
				ONLY_ACTIVE_ARCH = YES;
				PRODUCT_NAME = "$(TARGET_NAME)";
				PROVISIONING_PROFILE = "";
			};
			name = Release;
		};
		C44C1EC21A32FA7500BDE49B /* Debug */ = {
			isa = XCBuildConfiguration;
			buildSettings = {
				BUNDLE_LOADER = "$(TEST_HOST)";
				FRAMEWORK_SEARCH_PATHS = (
					"$(SDKROOT)/Developer/Library/Frameworks",
					"$(inherited)",
				);
				GCC_PREPROCESSOR_DEFINITIONS = (
					"DEBUG=1",
					"$(inherited)",
				);
				INFOPLIST_FILE = AudioNoteTests/Info.plist;
				LD_RUNPATH_SEARCH_PATHS = "$(inherited) @executable_path/Frameworks @loader_path/Frameworks";
				PRODUCT_NAME = "$(TARGET_NAME)";
				TEST_HOST = "$(BUILT_PRODUCTS_DIR)/AudioNote.app/AudioNote";
			};
			name = Debug;
		};
		C44C1EC31A32FA7500BDE49B /* Release */ = {
			isa = XCBuildConfiguration;
			buildSettings = {
				BUNDLE_LOADER = "$(TEST_HOST)";
				FRAMEWORK_SEARCH_PATHS = (
					"$(SDKROOT)/Developer/Library/Frameworks",
					"$(inherited)",
				);
				INFOPLIST_FILE = AudioNoteTests/Info.plist;
				LD_RUNPATH_SEARCH_PATHS = "$(inherited) @executable_path/Frameworks @loader_path/Frameworks";
				PRODUCT_NAME = "$(TARGET_NAME)";
				TEST_HOST = "$(BUILT_PRODUCTS_DIR)/AudioNote.app/AudioNote";
			};
			name = Release;
		};
/* End XCBuildConfiguration section */

/* Begin XCConfigurationList section */
		C44C1E961A32FA7500BDE49B /* Build configuration list for PBXProject "AudioNote" */ = {
			isa = XCConfigurationList;
			buildConfigurations = (
				C44C1EBC1A32FA7500BDE49B /* Debug */,
				C44C1EBD1A32FA7500BDE49B /* Release */,
			);
			defaultConfigurationIsVisible = 0;
			defaultConfigurationName = Release;
		};
		C44C1EBE1A32FA7500BDE49B /* Build configuration list for PBXNativeTarget "AudioNote" */ = {
			isa = XCConfigurationList;
			buildConfigurations = (
				C44C1EBF1A32FA7500BDE49B /* Debug */,
				C44C1EC01A32FA7500BDE49B /* Release */,
			);
			defaultConfigurationIsVisible = 0;
			defaultConfigurationName = Release;
		};
		C44C1EC11A32FA7500BDE49B /* Build configuration list for PBXNativeTarget "AudioNoteTests" */ = {
			isa = XCConfigurationList;
			buildConfigurations = (
				C44C1EC21A32FA7500BDE49B /* Debug */,
				C44C1EC31A32FA7500BDE49B /* Release */,
			);
			defaultConfigurationIsVisible = 0;
			defaultConfigurationName = Release;
		};
/* End XCConfigurationList section */
	};
	rootObject = C44C1E931A32FA7500BDE49B /* Project object */;
}
